
Microsoft Visual Studio Solution File, Format Version 12.00
# Visual Studio 14
VisualStudioVersion = 14.0.25420.1
MinimumVisualStudioVersion = 10.0.40219.1
Project("{FAE04EC0-301F-11D3-BF4B-00C04F79EFBC}") = "NeteaseReverseLadder", "NeteaseReverseLadder\NeteaseReverseLadder.csproj", "{2374C1D6-51CE-4714-9708-4AB27304AD6A}"
EndProject
Global
	GlobalSection(SolutionConfigurationPlatforms) = preSolution
		Debug|Any CPU = Debug|Any CPU
		Release|Any CPU = Release|Any CPU
	EndGlobalSection
	GlobalSection(ProjectConfigurationPlatforms) = postSolution
		{2374C1D6-51CE-4714-9708-4AB27304AD6A}.Debug|Any CPU.ActiveCfg = Debug|Any CPU
		{2374C1D6-51CE-4714-9708-4AB27304AD6A}.Debug|Any CPU.Build.0 = Debug|Any CPU
		{2374C1D6-51CE-4714-9708-4AB27304AD6A}.Release|Any CPU.ActiveCfg = Release|Any CPU
		{2374C1D6-51CE-4714-9708-4AB27304AD6A}.Release|Any CPU.Build.0 = Release|Any CPU
	EndGlobalSection
	GlobalSection(SolutionProperties) = preSolution
		HideSolutionNode = FALSE
	EndGlobalSection
EndGlobal
